
Microsoft Visual Studio Solution File, Format Version 12.00
# Visual Studio Version 17
VisualStudioVersion = 17.3.32901.215
MinimumVisualStudioVersion = 10.0.40219.1
Project("{9A19103F-16F7-4668-BE54-9A1E7A4F7556}") = "TaskManager", "TaskManager.csproj", "{632D6C3C-3AD1-45DF-AB23-45A96D87E2C9}"
EndProject
Global
	GlobalSection(SolutionConfigurationPlatforms) = preSolution
		Debug|Any CPU = Debug|Any CPU
		Release|Any CPU = Release|Any CPU
	EndGlobalSection
	GlobalSection(ProjectConfigurationPlatforms) = postSolution
		{632D6C3C-3AD1-45DF-AB23-45A96D87E2C9}.Debug|Any CPU.ActiveCfg = Debug|Any CPU
		{632D6C3C-3AD1-45DF-AB23-45A96D87E2C9}.Debug|Any CPU.Build.0 = Debug|Any CPU
		{632D6C3C-3AD1-45DF-AB23-45A96D87E2C9}.Release|Any CPU.ActiveCfg = Release|Any CPU
		{632D6C3C-3AD1-45DF-AB23-45A96D87E2C9}.Release|Any CPU.Build.0 = Release|Any CPU
	EndGlobalSection
	GlobalSection(SolutionProperties) = preSolution
		HideSolutionNode = FALSE
	EndGlobalSection
	GlobalSection(ExtensibilityGlobals) = postSolution
		SolutionGuid = {5F312BF3-3220-43B4-9289-134FC226FE71}
	EndGlobalSection
EndGlobal
